{
    "version": 3,
    "terraform_version": "0.11.3",
    "serial": 38,
    "lineage": "a923298e-528e-4fa4-861f-26d9f179eb80",
    "modules": [
        {
            "path": [
                "root"
            ],
            "outputs": {},
            "resources": {
                "aws_instance.ubuntu1": {
                    "type": "aws_instance",
                    "depends_on": [
                        "aws_security_group.allow_ssh",
                        "aws_subnet.private"
                    ],
                    "primary": {
                        "id": "i-0a278d52dff750da8",
                        "attributes": {
                            "ami": "ami-05f39e7b7f153bc6a",
                            "associate_public_ip_address": "true",
                            "availability_zone": "us-east-2a",
                            "disable_api_termination": "false",
                            "ebs_block_device.#": "0",
                            "ebs_optimized": "false",
                            "ephemeral_block_device.#": "0",
                            "iam_instance_profile": "",
                            "id": "i-0a278d52dff750da8",
                            "instance_state": "running",
                            "instance_type": "t2.nano",
                            "ipv6_addresses.#": "0",
                            "key_name": "terraformkeypair_ohio",
                            "monitoring": "false",
                            "network_interface.#": "0",
                            "network_interface_id": "eni-0a706368e1c7b91d7",
                            "placement_group": "",
                            "primary_network_interface_id": "eni-0a706368e1c7b91d7",
                            "private_dns": "ip-10-0-2-150.us-east-2.compute.internal",
                            "private_ip": "10.0.2.150",
                            "public_dns": "ec2-18-220-175-189.us-east-2.compute.amazonaws.com",
                            "public_ip": "18.220.175.189",
                            "root_block_device.#": "1",
                            "root_block_device.0.delete_on_termination": "true",
                            "root_block_device.0.iops": "100",
                            "root_block_device.0.volume_id": "vol-0ec0beee96632bc94",
                            "root_block_device.0.volume_size": "8",
                            "root_block_device.0.volume_type": "gp2",
                            "security_groups.#": "0",
                            "source_dest_check": "true",
                            "subnet_id": "subnet-0e5f329ad9409a8b4",
                            "tags.%": "1",
                            "tags.Name": "ixVPC-Ubuntu1-instance",
                            "tenancy": "default",
                            "volume_tags.%": "0",
                            "vpc_security_group_ids.#": "1",
                            "vpc_security_group_ids.1184608485": "sg-08372b2803c9d3329"
                        },
                        "meta": {
                            "e2bfb730-ecaa-11e6-8f88-34363bc7c4c0": {
                                "create": 600000000000,
                                "delete": 600000000000,
                                "update": 600000000000
                            },
                            "schema_version": "1"
                        },
                        "tainted": false
                    },
                    "deposed": [],
                    "provider": "provider.aws"
                },
                "aws_instance.ubuntu2": {
                    "type": "aws_instance",
                    "depends_on": [
                        "aws_security_group.allow_ssh",
                        "aws_subnet.private"
                    ],
                    "primary": {
                        "id": "i-057988147b3e1aba4",
                        "attributes": {
                            "ami": "ami-05f39e7b7f153bc6a",
                            "associate_public_ip_address": "true",
                            "availability_zone": "us-east-2a",
                            "disable_api_termination": "false",
                            "ebs_block_device.#": "0",
                            "ebs_optimized": "false",
                            "ephemeral_block_device.#": "0",
                            "iam_instance_profile": "",
                            "id": "i-057988147b3e1aba4",
                            "instance_state": "running",
                            "instance_type": "t2.nano",
                            "ipv6_addresses.#": "0",
                            "key_name": "terraformkeypair_ohio",
                            "monitoring": "false",
                            "network_interface.#": "0",
                            "network_interface_id": "eni-02895888bdade671d",
                            "placement_group": "",
                            "primary_network_interface_id": "eni-02895888bdade671d",
                            "private_dns": "ip-10-0-2-39.us-east-2.compute.internal",
                            "private_ip": "10.0.2.39",
                            "public_dns": "ec2-18-223-195-9.us-east-2.compute.amazonaws.com",
                            "public_ip": "18.223.195.9",
                            "root_block_device.#": "1",
                            "root_block_device.0.delete_on_termination": "true",
                            "root_block_device.0.iops": "100",
                            "root_block_device.0.volume_id": "vol-013174074bc9cf3d9",
                            "root_block_device.0.volume_size": "8",
                            "root_block_device.0.volume_type": "gp2",
                            "security_groups.#": "0",
                            "source_dest_check": "true",
                            "subnet_id": "subnet-0e5f329ad9409a8b4",
                            "tags.%": "1",
                            "tags.Name": "ixVPC-Ubuntu2-instance",
                            "tenancy": "default",
                            "volume_tags.%": "0",
                            "vpc_security_group_ids.#": "1",
                            "vpc_security_group_ids.1184608485": "sg-08372b2803c9d3329"
                        },
                        "meta": {
                            "e2bfb730-ecaa-11e6-8f88-34363bc7c4c0": {
                                "create": 600000000000,
                                "delete": 600000000000,
                                "update": 600000000000
                            },
                            "schema_version": "1"
                        },
                        "tainted": false
                    },
                    "deposed": [],
                    "provider": "provider.aws"
                },
                "aws_instance.vMX": {
                    "type": "aws_instance",
                    "depends_on": [
                        "aws_security_group.allow_ssh",
                        "aws_subnet.mgmt",
                        "aws_subnet.public"
                    ],
                    "primary": {
                        "id": "i-0c2bd747ef3d83e9a",
                        "attributes": {
                            "ami": "ami-00497665",
                            "associate_public_ip_address": "true",
                            "availability_zone": "us-east-2c",
                            "disable_api_termination": "false",
                            "ebs_block_device.#": "0",
                            "ebs_optimized": "false",
                            "ephemeral_block_device.#": "0",
                            "iam_instance_profile": "",
                            "id": "i-0c2bd747ef3d83e9a",
                            "instance_state": "running",
                            "instance_type": "m4.xlarge",
                            "ipv6_addresses.#": "0",
                            "key_name": "terraformkeypair_ohio",
                            "monitoring": "false",
                            "network_interface.#": "0",
                            "network_interface_id": "eni-06b2711b5fa537a5e",
                            "placement_group": "",
                            "primary_network_interface_id": "eni-06b2711b5fa537a5e",
                            "private_dns": "ip-10-0-1-33.us-east-2.compute.internal",
                            "private_ip": "10.0.1.33",
                            "public_dns": "ec2-18-219-27-44.us-east-2.compute.amazonaws.com",
                            "public_ip": "18.219.27.44",
                            "root_block_device.#": "1",
                            "root_block_device.0.delete_on_termination": "true",
                            "root_block_device.0.iops": "0",
                            "root_block_device.0.volume_id": "vol-026762683adddf8e2",
                            "root_block_device.0.volume_size": "32",
                            "root_block_device.0.volume_type": "standard",
                            "security_groups.#": "0",
                            "source_dest_check": "true",
                            "subnet_id": "subnet-0ed50367fc9e1d293",
                            "tags.%": "1",
                            "tags.Name": "ixVPC-vMX1",
                            "tenancy": "default",
                            "volume_tags.%": "0",
                            "vpc_security_group_ids.#": "1",
                            "vpc_security_group_ids.1184608485": "sg-08372b2803c9d3329"
                        },
                        "meta": {
                            "e2bfb730-ecaa-11e6-8f88-34363bc7c4c0": {
                                "create": 600000000000,
                                "delete": 600000000000,
                                "update": 600000000000
                            },
                            "schema_version": "1"
                        },
                        "tainted": false
                    },
                    "deposed": [],
                    "provider": "provider.aws"
                },
                "aws_instance.vMX2": {
                    "type": "aws_instance",
                    "depends_on": [
                        "aws_security_group.allow_ssh",
                        "aws_subnet.mgmt",
                        "aws_subnet.public"
                    ],
                    "primary": {
                        "id": "i-04ec534628d7c89c8",
                        "attributes": {
                            "ami": "ami-00497665",
                            "associate_public_ip_address": "true",
                            "availability_zone": "us-east-2c",
                            "disable_api_termination": "false",
                            "ebs_block_device.#": "0",
                            "ebs_optimized": "false",
                            "ephemeral_block_device.#": "0",
                            "iam_instance_profile": "",
                            "id": "i-04ec534628d7c89c8",
                            "instance_state": "running",
                            "instance_type": "m4.xlarge",
                            "ipv6_addresses.#": "0",
                            "key_name": "terraformkeypair_ohio",
                            "monitoring": "false",
                            "network_interface.#": "0",
                            "network_interface_id": "eni-0a6d5fface6c4e63f",
                            "placement_group": "",
                            "primary_network_interface_id": "eni-0a6d5fface6c4e63f",
                            "private_dns": "ip-10-0-1-227.us-east-2.compute.internal",
                            "private_ip": "10.0.1.227",
                            "public_dns": "ec2-18-222-103-48.us-east-2.compute.amazonaws.com",
                            "public_ip": "18.222.103.48",
                            "root_block_device.#": "1",
                            "root_block_device.0.delete_on_termination": "true",
                            "root_block_device.0.iops": "0",
                            "root_block_device.0.volume_id": "vol-021877b6296498e87",
                            "root_block_device.0.volume_size": "32",
                            "root_block_device.0.volume_type": "standard",
                            "security_groups.#": "0",
                            "source_dest_check": "true",
                            "subnet_id": "subnet-0ed50367fc9e1d293",
                            "tags.%": "1",
                            "tags.Name": "ixVPC-vMX2",
                            "tenancy": "default",
                            "volume_tags.%": "0",
                            "vpc_security_group_ids.#": "1",
                            "vpc_security_group_ids.1184608485": "sg-08372b2803c9d3329"
                        },
                        "meta": {
                            "e2bfb730-ecaa-11e6-8f88-34363bc7c4c0": {
                                "create": 600000000000,
                                "delete": 600000000000,
                                "update": 600000000000
                            },
                            "schema_version": "1"
                        },
                        "tainted": false
                    },
                    "deposed": [],
                    "provider": "provider.aws"
                },
                "aws_internet_gateway.gw": {
                    "type": "aws_internet_gateway",
                    "depends_on": [
                        "aws_vpc.vpc"
                    ],
                    "primary": {
                        "id": "igw-0fa96805ec0d75f1a",
                        "attributes": {
                            "id": "igw-0fa96805ec0d75f1a",
                            "tags.%": "1",
                            "tags.Name": "ixVPC-igw",
                            "vpc_id": "vpc-0056820d98e01fbb5"
                        },
                        "meta": {},
                        "tainted": false
                    },
                    "deposed": [],
                    "provider": "provider.aws"
                },
                "aws_network_interface.ge0-0-0": {
                    "type": "aws_network_interface",
                    "depends_on": [
                        "aws_instance.vMX",
                        "aws_security_group.allow_IPSec",
                        "aws_subnet.public"
                    ],
                    "primary": {
                        "id": "eni-0d444123e3c482595",
                        "attributes": {
                            "attachment.#": "1",
                            "attachment.1809386142.attachment_id": "eni-attach-06b76fe014801e555",
                            "attachment.1809386142.device_index": "1",
                            "attachment.1809386142.instance": "i-0c2bd747ef3d83e9a",
                            "description": "",
                            "id": "eni-0d444123e3c482595",
                            "private_dns_name": "ip-10-0-0-115.us-east-2.compute.internal",
                            "private_ip": "10.0.0.115",
                            "private_ips.#": "1",
                            "private_ips.1731779695": "10.0.0.115",
                            "security_groups.#": "1",
                            "security_groups.1738998647": "sg-0f7bf0e3a8e43e11f",
                            "source_dest_check": "true",
                            "subnet_id": "subnet-0fe098fb5357e08a7",
                            "tags.%": "0"
                        },
                        "meta": {},
                        "tainted": false
                    },
                    "deposed": [],
                    "provider": "provider.aws"
                },
                "aws_network_interface.vMX2_ge0-0-0": {
                    "type": "aws_network_interface",
                    "depends_on": [
                        "aws_instance.vMX2",
                        "aws_security_group.allow_IPSec",
                        "aws_subnet.public"
                    ],
                    "primary": {
                        "id": "eni-0d2f98c88e43685e5",
                        "attributes": {
                            "attachment.#": "1",
                            "attachment.2068651836.attachment_id": "eni-attach-037993fedfb40add6",
                            "attachment.2068651836.device_index": "1",
                            "attachment.2068651836.instance": "i-04ec534628d7c89c8",
                            "description": "",
                            "id": "eni-0d2f98c88e43685e5",
                            "private_dns_name": "ip-10-0-0-17.us-east-2.compute.internal",
                            "private_ip": "10.0.0.17",
                            "private_ips.#": "1",
                            "private_ips.60782269": "10.0.0.17",
                            "security_groups.#": "1",
                            "security_groups.1738998647": "sg-0f7bf0e3a8e43e11f",
                            "source_dest_check": "true",
                            "subnet_id": "subnet-0fe098fb5357e08a7",
                            "tags.%": "0"
                        },
                        "meta": {},
                        "tainted": false
                    },
                    "deposed": [],
                    "provider": "provider.aws"
                },
                "aws_route.internet_access": {
                    "type": "aws_route",
                    "depends_on": [
                        "aws_internet_gateway.gw",
                        "aws_vpc.vpc"
                    ],
                    "primary": {
                        "id": "r-rtb-0ae1510cf7b35f7ba1080289494",
                        "attributes": {
                            "destination_cidr_block": "0.0.0.0/0",
                            "destination_prefix_list_id": "",
                            "egress_only_gateway_id": "",
                            "gateway_id": "igw-0fa96805ec0d75f1a",
                            "id": "r-rtb-0ae1510cf7b35f7ba1080289494",
                            "instance_id": "",
                            "instance_owner_id": "",
                            "nat_gateway_id": "",
                            "network_interface_id": "",
                            "origin": "CreateRoute",
                            "route_table_id": "rtb-0ae1510cf7b35f7ba",
                            "state": "active",
                            "vpc_peering_connection_id": ""
                        },
                        "meta": {},
                        "tainted": false
                    },
                    "deposed": [],
                    "provider": "provider.aws"
                },
                "aws_route_table_association.assoc-mgmt": {
                    "type": "aws_route_table_association",
                    "depends_on": [
                        "aws_subnet.mgmt",
                        "aws_vpc.vpc"
                    ],
                    "primary": {
                        "id": "rtbassoc-027c71eb96cddfc72",
                        "attributes": {
                            "id": "rtbassoc-027c71eb96cddfc72",
                            "route_table_id": "rtb-0ae1510cf7b35f7ba",
                            "subnet_id": "subnet-0ed50367fc9e1d293"
                        },
                        "meta": {},
                        "tainted": false
                    },
                    "deposed": [],
                    "provider": "provider.aws"
                },
                "aws_route_table_association.assoc-public": {
                    "type": "aws_route_table_association",
                    "depends_on": [
                        "aws_subnet.public",
                        "aws_vpc.vpc"
                    ],
                    "primary": {
                        "id": "rtbassoc-0cb6522cdac786548",
                        "attributes": {
                            "id": "rtbassoc-0cb6522cdac786548",
                            "route_table_id": "rtb-0ae1510cf7b35f7ba",
                            "subnet_id": "subnet-0fe098fb5357e08a7"
                        },
                        "meta": {},
                        "tainted": false
                    },
                    "deposed": [],
                    "provider": "provider.aws"
                },
                "aws_security_group.allow_IPSec": {
                    "type": "aws_security_group",
                    "depends_on": [
                        "aws_vpc.vpc"
                    ],
                    "primary": {
                        "id": "sg-0f7bf0e3a8e43e11f",
                        "attributes": {
                            "description": "Allow inbound IPSec traffic from any IP@",
                            "egress.#": "1",
                            "egress.482069346.cidr_blocks.#": "1",
                            "egress.482069346.cidr_blocks.0": "0.0.0.0/0",
                            "egress.482069346.description": "",
                            "egress.482069346.from_port": "0",
                            "egress.482069346.ipv6_cidr_blocks.#": "0",
                            "egress.482069346.prefix_list_ids.#": "0",
                            "egress.482069346.protocol": "-1",
                            "egress.482069346.security_groups.#": "0",
                            "egress.482069346.self": "false",
                            "egress.482069346.to_port": "0",
                            "id": "sg-0f7bf0e3a8e43e11f",
                            "ingress.#": "1",
                            "ingress.2651317642.cidr_blocks.#": "1",
                            "ingress.2651317642.cidr_blocks.0": "0.0.0.0/0",
                            "ingress.2651317642.description": "",
                            "ingress.2651317642.from_port": "500",
                            "ingress.2651317642.ipv6_cidr_blocks.#": "0",
                            "ingress.2651317642.protocol": "udp",
                            "ingress.2651317642.security_groups.#": "0",
                            "ingress.2651317642.self": "false",
                            "ingress.2651317642.to_port": "500",
                            "name": "allow_inbound_IPSec",
                            "owner_id": "296119820525",
                            "revoke_rules_on_delete": "false",
                            "tags.%": "1",
                            "tags.Name": "Allow IPSec",
                            "vpc_id": "vpc-0056820d98e01fbb5"
                        },
                        "meta": {
                            "schema_version": "1"
                        },
                        "tainted": false
                    },
                    "deposed": [],
                    "provider": "provider.aws"
                },
                "aws_security_group.allow_ssh": {
                    "type": "aws_security_group",
                    "depends_on": [
                        "aws_vpc.vpc"
                    ],
                    "primary": {
                        "id": "sg-08372b2803c9d3329",
                        "attributes": {
                            "description": "Allow inbound SSH traffic from any IP@",
                            "egress.#": "1",
                            "egress.482069346.cidr_blocks.#": "1",
                            "egress.482069346.cidr_blocks.0": "0.0.0.0/0",
                            "egress.482069346.description": "",
                            "egress.482069346.from_port": "0",
                            "egress.482069346.ipv6_cidr_blocks.#": "0",
                            "egress.482069346.prefix_list_ids.#": "0",
                            "egress.482069346.protocol": "-1",
                            "egress.482069346.security_groups.#": "0",
                            "egress.482069346.self": "false",
                            "egress.482069346.to_port": "0",
                            "id": "sg-08372b2803c9d3329",
                            "ingress.#": "1",
                            "ingress.2541437006.cidr_blocks.#": "1",
                            "ingress.2541437006.cidr_blocks.0": "0.0.0.0/0",
                            "ingress.2541437006.description": "",
                            "ingress.2541437006.from_port": "22",
                            "ingress.2541437006.ipv6_cidr_blocks.#": "0",
                            "ingress.2541437006.protocol": "tcp",
                            "ingress.2541437006.security_groups.#": "0",
                            "ingress.2541437006.self": "false",
                            "ingress.2541437006.to_port": "22",
                            "name": "allow_inbound_SSH",
                            "owner_id": "296119820525",
                            "revoke_rules_on_delete": "false",
                            "tags.%": "1",
                            "tags.Name": "Allow SSH",
                            "vpc_id": "vpc-0056820d98e01fbb5"
                        },
                        "meta": {
                            "schema_version": "1"
                        },
                        "tainted": false
                    },
                    "deposed": [],
                    "provider": "provider.aws"
                },
                "aws_subnet.mgmt": {
                    "type": "aws_subnet",
                    "depends_on": [
                        "aws_subnet.public",
                        "aws_vpc.vpc"
                    ],
                    "primary": {
                        "id": "subnet-0ed50367fc9e1d293",
                        "attributes": {
                            "assign_ipv6_address_on_creation": "false",
                            "availability_zone": "us-east-2c",
                            "cidr_block": "10.0.1.0/24",
                            "id": "subnet-0ed50367fc9e1d293",
                            "map_public_ip_on_launch": "false",
                            "tags.%": "1",
                            "tags.Name": "ixVPC-Mgmt",
                            "vpc_id": "vpc-0056820d98e01fbb5"
                        },
                        "meta": {
                            "schema_version": "1"
                        },
                        "tainted": false
                    },
                    "deposed": [],
                    "provider": "provider.aws"
                },
                "aws_subnet.private": {
                    "type": "aws_subnet",
                    "depends_on": [
                        "aws_vpc.vpc"
                    ],
                    "primary": {
                        "id": "subnet-0e5f329ad9409a8b4",
                        "attributes": {
                            "assign_ipv6_address_on_creation": "false",
                            "availability_zone": "us-east-2a",
                            "cidr_block": "10.0.2.0/24",
                            "id": "subnet-0e5f329ad9409a8b4",
                            "map_public_ip_on_launch": "false",
                            "tags.%": "1",
                            "tags.Name": "ixVPC-private",
                            "vpc_id": "vpc-0056820d98e01fbb5"
                        },
                        "meta": {
                            "schema_version": "1"
                        },
                        "tainted": false
                    },
                    "deposed": [],
                    "provider": "provider.aws"
                },
                "aws_subnet.public": {
                    "type": "aws_subnet",
                    "depends_on": [
                        "aws_vpc.vpc"
                    ],
                    "primary": {
                        "id": "subnet-0fe098fb5357e08a7",
                        "attributes": {
                            "assign_ipv6_address_on_creation": "false",
                            "availability_zone": "us-east-2c",
                            "cidr_block": "10.0.0.0/24",
                            "id": "subnet-0fe098fb5357e08a7",
                            "map_public_ip_on_launch": "false",
                            "tags.%": "1",
                            "tags.Name": "ixVPC-public",
                            "vpc_id": "vpc-0056820d98e01fbb5"
                        },
                        "meta": {
                            "schema_version": "1"
                        },
                        "tainted": false
                    },
                    "deposed": [],
                    "provider": "provider.aws"
                },
                "aws_vpc.vpc": {
                    "type": "aws_vpc",
                    "depends_on": [],
                    "primary": {
                        "id": "vpc-0056820d98e01fbb5",
                        "attributes": {
                            "assign_generated_ipv6_cidr_block": "false",
                            "cidr_block": "10.0.0.0/16",
                            "default_network_acl_id": "acl-0e4a84c16bea516c1",
                            "default_route_table_id": "rtb-0ae1510cf7b35f7ba",
                            "default_security_group_id": "sg-0a74aac9909865c80",
                            "dhcp_options_id": "dopt-489ff421",
                            "enable_dns_hostnames": "true",
                            "enable_dns_support": "true",
                            "id": "vpc-0056820d98e01fbb5",
                            "instance_tenancy": "default",
                            "main_route_table_id": "rtb-0ae1510cf7b35f7ba",
                            "tags.%": "1",
                            "tags.Name": "ixVPC"
                        },
                        "meta": {
                            "schema_version": "1"
                        },
                        "tainted": false
                    },
                    "deposed": [],
                    "provider": "provider.aws"
                }
            },
            "depends_on": []
        }
    ]
}
